// !$*UTF8*$!
{
	archiveVersion = 1;
	classes = {
	};
	objectVersion = 48;
	objects = {

/* Begin PBXBuildFile section */
		FB4EC6BD20199FEC00382234 /* AppDelegate.swift in Sources */ = {isa = PBXBuildFile; fileRef = FB4EC6BC20199FEC00382234 /* AppDelegate.swift */; };
		FB4EC6BF20199FEC00382234 /* ViewController.swift in Sources */ = {isa = PBXBuildFile; fileRef = FB4EC6BE20199FEC00382234 /* ViewController.swift */; };
		FB4EC6C220199FEC00382234 /* Main.storyboard in Resources */ = {isa = PBXBuildFile; fileRef = FB4EC6C020199FEC00382234 /* Main.storyboard */; };
		FB4EC6C420199FEC00382234 /* Assets.xcassets in Resources */ = {isa = PBXBuildFile; fileRef = FB4EC6C320199FEC00382234 /* Assets.xcassets */; };
		FB4EC6C720199FEC00382234 /* LaunchScreen.storyboard in Resources */ = {isa = PBXBuildFile; fileRef = FB4EC6C520199FEC00382234 /* LaunchScreen.storyboard */; };
/* End PBXBuildFile section */

/* Begin PBXFileReference section */
		FB4EC6B920199FEC00382234 /* SimpleStopWatch.app */ = {isa = PBXFileReference; explicitFileType = wrapper.application; includeInIndex = 0; path = SimpleStopWatch.app; sourceTree = BUILT_PRODUCTS_DIR; };
		FB4EC6BC20199FEC00382234 /* AppDelegate.swift */ = {isa = PBXFileReference; lastKnownFileType = sourcecode.swift; path = AppDelegate.swift; sourceTree = "<group>"; };
		FB4EC6BE20199FEC00382234 /* ViewController.swift */ = {isa = PBXFileReference; lastKnownFileType = sourcecode.swift; path = ViewController.swift; sourceTree = "<group>"; };
		FB4EC6C120199FEC00382234 /* Base */ = {isa = PBXFileReference; lastKnownFileType = file.storyboard; name = Base; path = Base.lproj/Main.storyboard; sourceTree = "<group>"; };
		FB4EC6C320199FEC00382234 /* Assets.xcassets */ = {isa = PBXFileReference; lastKnownFileType = folder.assetcatalog; path = Assets.xcassets; sourceTree = "<group>"; };
		FB4EC6C620199FEC00382234 /* Base */ = {isa = PBXFileReference; lastKnownFileType = file.storyboard; name = Base; path = Base.lproj/LaunchScreen.storyboard; sourceTree = "<group>"; };
		FB4EC6C820199FEC00382234 /* Info.plist */ = {isa = PBXFileReference; lastKnownFileType = text.plist.xml; path = Info.plist; sourceTree = "<group>"; };
/* End PBXFileReference section */

/* Begin PBXFrameworksBuildPhase section */
		FB4EC6B620199FEC00382234 /* Frameworks */ = {
			isa = PBXFrameworksBuildPhase;
			buildActionMask = 2147483647;
			files = (
			);
			runOnlyForDeploymentPostprocessing = 0;
		};
/* End PBXFrameworksBuildPhase section */

/* Begin PBXGroup section */
		FB4EC6B020199FEC00382234 = {
			isa = PBXGroup;
			children = (
				FB4EC6BB20199FEC00382234 /* SimpleStopWatch */,
				FB4EC6BA20199FEC00382234 /* Products */,
			);
			sourceTree = "<group>";
		};
		FB4EC6BA20199FEC00382234 /* Products */ = {
			isa = PBXGroup;
			children = (
				FB4EC6B920199FEC00382234 /* SimpleStopWatch.app */,
			);
			name = Products;
			sourceTree = "<group>";
		};
		FB4EC6BB20199FEC00382234 /* SimpleStopWatch */ = {
			isa = PBXGroup;
			children = (
				FB4EC6BC20199FEC00382234 /* AppDelegate.swift */,
				FB4EC6BE20199FEC00382234 /* ViewController.swift */,
				FB4EC6C020199FEC00382234 /* Main.storyboard */,
				FB4EC6C320199FEC00382234 /* Assets.xcassets */,
				FB4EC6C520199FEC00382234 /* LaunchScreen.storyboard */,
				FB4EC6C820199FEC00382234 /* Info.plist */,
			);
			path = SimpleStopWatch;
			sourceTree = "<group>";
		};
/* End PBXGroup section */

/* Begin PBXNativeTarget section */
		FB4EC6B820199FEC00382234 /* SimpleStopWatch */ = {
			isa = PBXNativeTarget;
			buildConfigurationList = FB4EC6CB20199FEC00382234 /* Build configuration list for PBXNativeTarget "SimpleStopWatch" */;
			buildPhases = (
				FB4EC6B520199FEC00382234 /* Sources */,
				FB4EC6B620199FEC00382234 /* Frameworks */,
				FB4EC6B720199FEC00382234 /* Resources */,
			);
			buildRules = (
			);
			dependencies = (
			);
			name = SimpleStopWatch;
			productName = SimpleStopWatch;
			productReference = FB4EC6B920199FEC00382234 /* SimpleStopWatch.app */;
			productType = "com.apple.product-type.application";
		};
/* End PBXNativeTarget section */

/* Begin PBXProject section */
		FB4EC6B120199FEC00382234 /* Project object */ = {
			isa = PBXProject;
			attributes = {
				LastSwiftUpdateCheck = 0920;
				LastUpgradeCheck = 0920;
				ORGANIZATIONNAME = "Victor Chu";
				TargetAttributes = {
					FB4EC6B820199FEC00382234 = {
						CreatedOnToolsVersion = 9.2;
						ProvisioningStyle = Automatic;
					};
				};
			};
			buildConfigurationList = FB4EC6B420199FEC00382234 /* Build configuration list for PBXProject "SimpleStopWatch" */;
			compatibilityVersion = "Xcode 8.0";
			developmentRegion = en;
			hasScannedForEncodings = 0;
			knownRegions = (
				en,
				Base,
			);
			mainGroup = FB4EC6B020199FEC00382234;
			productRefGroup = FB4EC6BA20199FEC00382234 /* Products */;
			projectDirPath = "";
			projectRoot = "";
			targets = (
				FB4EC6B820199FEC00382234 /* SimpleStopWatch */,
			);
		};
/* End PBXProject section */

/* Begin PBXResourcesBuildPhase section */
		FB4EC6B720199FEC00382234 /* Resources */ = {
			isa = PBXResourcesBuildPhase;
			buildActionMask = 2147483647;
			files = (
				FB4EC6C720199FEC00382234 /* LaunchScreen.storyboard in Resources */,
				FB4EC6C420199FEC00382234 /* Assets.xcassets in Resources */,
				FB4EC6C220199FEC00382234 /* Main.storyboard in Resources */,
			);
			runOnlyForDeploymentPostprocessing = 0;
		};
/* End PBXResourcesBuildPhase section */

/* Begin PBXSourcesBuildPhase section */
		FB4EC6B520199FEC00382234 /* Sources */ = {
			isa = PBXSourcesBuildPhase;
			buildActionMask = 2147483647;
			files = (
				FB4EC6BF20199FEC00382234 /* ViewController.swift in Sources */,
				FB4EC6BD20199FEC00382234 /* AppDelegate.swift in Sources */,
			);
			runOnlyForDeploymentPostprocessing = 0;
		};
/* End PBXSourcesBuildPhase section */

/* Begin PBXVariantGroup section */
		FB4EC6C020199FEC00382234 /* Main.storyboard */ = {
			isa = PBXVariantGroup;
			children = (
				FB4EC6C120199FEC00382234 /* Base */,
			);
			name = Main.storyboard;
			sourceTree = "<group>";
		};
		FB4EC6C520199FEC00382234 /* LaunchScreen.storyboard */ = {
			isa = PBXVariantGroup;
			children = (
				FB4EC6C620199FEC00382234 /* Base */,
			);
			name = LaunchScreen.storyboard;
			sourceTree = "<group>";
		};
/* End PBXVariantGroup section */

/* Begin XCBuildConfiguration section */
		FB4EC6C920199FEC00382234 /* Debug */ = {
			isa = XCBuildConfiguration;
			buildSettings = {
				ALWAYS_SEARCH_USER_PATHS = NO;
				CLANG_ANALYZER_NONNULL = YES;
				CLANG_ANALYZER_NUMBER_OBJECT_CONVERSION = YES_AGGRESSIVE;
				CLANG_CXX_LANGUAGE_STANDARD = "gnu++14";
				CLANG_CXX_LIBRARY = "libc++";
				CLANG_ENABLE_MODULES = YES;
				CLANG_ENABLE_OBJC_ARC = YES;
				CLANG_WARN_BLOCK_CAPTURE_AUTORELEASING = YES;
				CLANG_WARN_BOOL_CONVERSION = YES;
				CLANG_WARN_COMMA = YES;
				CLANG_WARN_CONSTANT_CONVERSION = YES;
				CLANG_WARN_DIRECT_OBJC_ISA_USAGE = YES_ERROR;
				CLANG_WARN_DOCUMENTATION_COMMENTS = YES;
				CLANG_WARN_EMPTY_BODY = YES;
				CLANG_WARN_ENUM_CONVERSION = YES;
				CLANG_WARN_INFINITE_RECURSION = YES;
				CLANG_WARN_INT_CONVERSION = YES;
				CLANG_WARN_NON_LITERAL_NULL_CONVERSION = YES;
				CLANG_WARN_OBJC_LITERAL_CONVERSION = YES;
				CLANG_WARN_OBJC_ROOT_CLASS = YES_ERROR;
				CLANG_WARN_RANGE_LOOP_ANALYSIS = YES;
				CLANG_WARN_STRICT_PROTOTYPES = YES;
				CLANG_WARN_SUSPICIOUS_MOVE = YES;
				CLANG_WARN_UNGUARDED_AVAILABILITY = YES_AGGRESSIVE;
				CLANG_WARN_UNREACHABLE_CODE = YES;
				CLANG_WARN__DUPLICATE_METHOD_MATCH = YES;
				CODE_SIGN_IDENTITY = "iPhone Developer";
				COPY_PHASE_STRIP = NO;
				DEBUG_INFORMATION_FORMAT = dwarf;
				ENABLE_STRICT_OBJC_MSGSEND = YES;
				ENABLE_TESTABILITY = YES;
				GCC_C_LANGUAGE_STANDARD = gnu11;
				GCC_DYNAMIC_NO_PIC = NO;
				GCC_NO_COMMON_BLOCKS = YES;
				GCC_OPTIMIZATION_LEVEL = 0;
				GCC_PREPROCESSOR_DEFINITIONS = (
					"DEBUG=1",
					"$(inherited)",
				);
				GCC_WARN_64_TO_32_BIT_CONVERSION = YES;
				GCC_WARN_ABOUT_RETURN_TYPE = YES_ERROR;
				GCC_WARN_UNDECLARED_SELECTOR = YES;
				GCC_WARN_UNINITIALIZED_AUTOS = YES_AGGRESSIVE;
				GCC_WARN_UNUSED_FUNCTION = YES;
				GCC_WARN_UNUSED_VARIABLE = YES;
				IPHONEOS_DEPLOYMENT_TARGET = 11.2;
				MTL_ENABLE_DEBUG_INFO = YES;
				ONLY_ACTIVE_ARCH = YES;
				SDKROOT = iphoneos;
				SWIFT_ACTIVE_COMPILATION_CONDITIONS = DEBUG;
				SWIFT_OPTIMIZATION_LEVEL = "-Onone";
			};
			name = Debug;
		};
		FB4EC6CA20199FEC00382234 /* Release */ = {
			isa = XCBuildConfiguration;
			buildSettings = {
				ALWAYS_SEARCH_USER_PATHS = NO;
				CLANG_ANALYZER_NONNULL = YES;
				CLANG_ANALYZER_NUMBER_OBJECT_CONVERSION = YES_AGGRESSIVE;
				CLANG_CXX_LANGUAGE_STANDARD = "gnu++14";
				CLANG_CXX_LIBRARY = "libc++";
				CLANG_ENABLE_MODULES = YES;
				CLANG_ENABLE_OBJC_ARC = YES;
				CLANG_WARN_BLOCK_CAPTURE_AUTORELEASING = YES;
				CLANG_WARN_BOOL_CONVERSION = YES;
				CLANG_WARN_COMMA = YES;
				CLANG_WARN_CONSTANT_CONVERSION = YES;
				CLANG_WARN_DIRECT_OBJC_ISA_USAGE = YES_ERROR;
				CLANG_WARN_DOCUMENTATION_COMMENTS = YES;
				CLANG_WARN_EMPTY_BODY = YES;
				CLANG_WARN_ENUM_CONVERSION = YES;
				CLANG_WARN_INFINITE_RECURSION = YES;
				CLANG_WARN_INT_CONVERSION = YES;
				CLANG_WARN_NON_LITERAL_NULL_CONVERSION = YES;
				CLANG_WARN_OBJC_LITERAL_CONVERSION = YES;
				CLANG_WARN_OBJC_ROOT_CLASS = YES_ERROR;
				CLANG_WARN_RANGE_LOOP_ANALYSIS = YES;
				CLANG_WARN_STRICT_PROTOTYPES = YES;
				CLANG_WARN_SUSPICIOUS_MOVE = YES;
				CLANG_WARN_UNGUARDED_AVAILABILITY = YES_AGGRESSIVE;
				CLANG_WARN_UNREACHABLE_CODE = YES;
				CLANG_WARN__DUPLICATE_METHOD_MATCH = YES;
				CODE_SIGN_IDENTITY = "iPhone Developer";
				COPY_PHASE_STRIP = NO;
				DEBUG_INFORMATION_FORMAT = "dwarf-with-dsym";
				ENABLE_NS_ASSERTIONS = NO;
				ENABLE_STRICT_OBJC_MSGSEND = YES;
				GCC_C_LANGUAGE_STANDARD = gnu11;
				GCC_NO_COMMON_BLOCKS = YES;
				GCC_WARN_64_TO_32_BIT_CONVERSION = YES;
				GCC_WARN_ABOUT_RETURN_TYPE = YES_ERROR;
				GCC_WARN_UNDECLARED_SELECTOR = YES;
				GCC_WARN_UNINITIALIZED_AUTOS = YES_AGGRESSIVE;
				GCC_WARN_UNUSED_FUNCTION = YES;
				GCC_WARN_UNUSED_VARIABLE = YES;
				IPHONEOS_DEPLOYMENT_TARGET = 11.2;
				MTL_ENABLE_DEBUG_INFO = NO;
				SDKROOT = iphoneos;
				SWIFT_OPTIMIZATION_LEVEL = "-Owholemodule";
				VALIDATE_PRODUCT = YES;
			};
			name = Release;
		};
		FB4EC6CC20199FEC00382234 /* Debug */ = {
			isa = XCBuildConfiguration;
			buildSettings = {
				ASSETCATALOG_COMPILER_APPICON_NAME = AppIcon;
				CODE_SIGN_STYLE = Automatic;
				DEVELOPMENT_TEAM = BZ967DRVJD;
				INFOPLIST_FILE = SimpleStopWatch/Info.plist;
				LD_RUNPATH_SEARCH_PATHS = "$(inherited) @executable_path/Frameworks";
				PRODUCT_BUNDLE_IDENTIFIER = com.victorchu.SimpleStopWatch;
				PRODUCT_NAME = "$(TARGET_NAME)";
				SWIFT_VERSION = 4.0;
				TARGETED_DEVICE_FAMILY = "1,2";
			};
			name = Debug;
		};
		FB4EC6CD20199FEC00382234 /* Release */ = {
			isa = XCBuildConfiguration;
			buildSettings = {
				ASSETCATALOG_COMPILER_APPICON_NAME = AppIcon;
				CODE_SIGN_STYLE = Automatic;
				DEVELOPMENT_TEAM = BZ967DRVJD;
				INFOPLIST_FILE = SimpleStopWatch/Info.plist;
				LD_RUNPATH_SEARCH_PATHS = "$(inherited) @executable_path/Frameworks";
				PRODUCT_BUNDLE_IDENTIFIER = com.victorchu.SimpleStopWatch;
				PRODUCT_NAME = "$(TARGET_NAME)";
				SWIFT_VERSION = 4.0;
				TARGETED_DEVICE_FAMILY = "1,2";
			};
			name = Release;
		};
/* End XCBuildConfiguration section */

/* Begin XCConfigurationList section */
		FB4EC6B420199FEC00382234 /* Build configuration list for PBXProject "SimpleStopWatch" */ = {
			isa = XCConfigurationList;
			buildConfigurations = (
				FB4EC6C920199FEC00382234 /* Debug */,
				FB4EC6CA20199FEC00382234 /* Release */,
			);
			defaultConfigurationIsVisible = 0;
			defaultConfigurationName = Release;
		};
		FB4EC6CB20199FEC00382234 /* Build configuration list for PBXNativeTarget "SimpleStopWatch" */ = {
			isa = XCConfigurationList;
			buildConfigurations = (
				FB4EC6CC20199FEC00382234 /* Debug */,
				FB4EC6CD20199FEC00382234 /* Release */,
			);
			defaultConfigurationIsVisible = 0;
			defaultConfigurationName = Release;
		};
/* End XCConfigurationList section */
	};
	rootObject = FB4EC6B120199FEC00382234 /* Project object */;
}
